
Microsoft Visual Studio Solution File, Format Version 12.00
# Visual Studio Version 17
VisualStudioVersion = 17.4.33122.133
MinimumVisualStudioVersion = 10.0.40219.1
Project("{9A19103F-16F7-4668-BE54-9A1E7A4F7556}") = "CustomWpfCalendar", "src\CustomWpfCalendar\CustomWpfCalendar.csproj", "{8348B023-1E93-40CD-932A-0DDC7372D55F}"
EndProject
Project("{9A19103F-16F7-4668-BE54-9A1E7A4F7556}") = "Anvyl.Controls", "src\Anvyl.Controls\Anvyl.Controls.csproj", "{B6E84BAB-45CE-43B5-B6AE-9063C9DC5D15}"
EndProject
Global
	GlobalSection(SolutionConfigurationPlatforms) = preSolution
		Debug|Any CPU = Debug|Any CPU
		Release|Any CPU = Release|Any CPU
	EndGlobalSection
	GlobalSection(ProjectConfigurationPlatforms) = postSolution
		{8348B023-1E93-40CD-932A-0DDC7372D55F}.Debug|Any CPU.ActiveCfg = Debug|Any CPU
		{8348B023-1E93-40CD-932A-0DDC7372D55F}.Debug|Any CPU.Build.0 = Debug|Any CPU
		{8348B023-1E93-40CD-932A-0DDC7372D55F}.Release|Any CPU.ActiveCfg = Release|Any CPU
		{8348B023-1E93-40CD-932A-0DDC7372D55F}.Release|Any CPU.Build.0 = Release|Any CPU
		{B6E84BAB-45CE-43B5-B6AE-9063C9DC5D15}.Debug|Any CPU.ActiveCfg = Debug|Any CPU
		{B6E84BAB-45CE-43B5-B6AE-9063C9DC5D15}.Debug|Any CPU.Build.0 = Debug|Any CPU
		{B6E84BAB-45CE-43B5-B6AE-9063C9DC5D15}.Release|Any CPU.ActiveCfg = Release|Any CPU
		{B6E84BAB-45CE-43B5-B6AE-9063C9DC5D15}.Release|Any CPU.Build.0 = Release|Any CPU
	EndGlobalSection
	GlobalSection(SolutionProperties) = preSolution
		HideSolutionNode = FALSE
	EndGlobalSection
	GlobalSection(ExtensibilityGlobals) = postSolution
		SolutionGuid = {A2FD22E1-5E0D-4BE1-B5EF-B00944D4B12A}
	EndGlobalSection
EndGlobal
